
Microsoft Visual Studio Solution File, Format Version 12.00
# Visual Studio 15
VisualStudioVersion = 15.0.28010.2003
MinimumVisualStudioVersion = 10.0.40219.1
Project("{FAE04EC0-301F-11D3-BF4B-00C04F79EFBC}") = "Supermercado", "Supermercado\Supermercado.csproj", "{9BB8F7CA-980B-4605-B5E3-632BFDF71A42}"
EndProject
Global
	GlobalSection(SolutionConfigurationPlatforms) = preSolution
		Debug|Any CPU = Debug|Any CPU
		Release|Any CPU = Release|Any CPU
	EndGlobalSection
	GlobalSection(ProjectConfigurationPlatforms) = postSolution
		{9BB8F7CA-980B-4605-B5E3-632BFDF71A42}.Debug|Any CPU.ActiveCfg = Debug|Any CPU
		{9BB8F7CA-980B-4605-B5E3-632BFDF71A42}.Debug|Any CPU.Build.0 = Debug|Any CPU
		{9BB8F7CA-980B-4605-B5E3-632BFDF71A42}.Release|Any CPU.ActiveCfg = Release|Any CPU
		{9BB8F7CA-980B-4605-B5E3-632BFDF71A42}.Release|Any CPU.Build.0 = Release|Any CPU
	EndGlobalSection
	GlobalSection(SolutionProperties) = preSolution
		HideSolutionNode = FALSE
	EndGlobalSection
	GlobalSection(ExtensibilityGlobals) = postSolution
		SolutionGuid = {0BE33356-4C8F-4795-A545-3AEF08F50960}
	EndGlobalSection
EndGlobal
